<?xml version="1.0" encoding="utf-8"?>
<Project ToolsVersion="4.0" xmlns="http://schemas.microsoft.com/developer/msbuild/2003">
  <ItemGroup>
    <Filter Include="소스 파일">
      <UniqueIdentifier>{4FC737F1-C7A5-4376-A066-2A32D752A2FF}</UniqueIdentifier>
      <Extensions>cpp;c;cc;cxx;def;odl;idl;hpj;bat;asm;asmx</Extensions>
    </Filter>
    <Filter Include="헤더 파일">
      <UniqueIdentifier>{93995380-89BD-4b04-88EB-625FBE52EBFB}</UniqueIdentifier>
      <Extensions>h;hh;hpp;hxx;hm;inl;inc;ipp;xsd</Extensions>
    </Filter>
    <Filter Include="리소스 파일">
      <UniqueIdentifier>{67DA6AB6-F800-4c08-8B7A-83BB121AAD01}</UniqueIdentifier>
      <Extensions>rc;ico;cur;bmp;dlg;rc2;rct;bin;rgs;gif;jpg;jpeg;jpe;resx;tiff;tif;png;wav;mfcribbon-ms</Extensions>
    </Filter>
  </ItemGroup>
  <ItemGroup>
    <ClCompile Include="6996 애너그램.cpp">
      <Filter>소스 파일</Filter>
    </ClCompile>
    <ClCompile Include="2752 세수정렬.cpp">
      <Filter>소스 파일</Filter>
    </ClCompile>
    <ClCompile Include="2792 보석 상자.cpp">
      <Filter>소스 파일</Filter>
    </ClCompile>
    <ClCompile Include="2822 점수 계산.cpp">
      <Filter>소스 파일</Filter>
    </ClCompile>
    <ClCompile Include="1205 등수 구하기.cpp">
      <Filter>소스 파일</Filter>
    </ClCompile>
    <ClCompile Include="5576 콘테스트.cpp">
      <Filter>소스 파일</Filter>
    </ClCompile>
    <ClCompile Include="11728 배열합치기.cpp">
      <Filter>소스 파일</Filter>
    </ClCompile>
    <ClCompile Include="11652 카드.cpp">
      <Filter>소스 파일</Filter>
    </ClCompile>
    <ClCompile Include="1431 시리얼 번호.cpp">
      <Filter>소스 파일</Filter>
    </ClCompile>
    <ClCompile Include="2776 암기왕.cpp">
      <Filter>소스 파일</Filter>
    </ClCompile>
    <ClCompile Include="3079 입국심사.cpp">
      <Filter>소스 파일</Filter>
    </ClCompile>
    <ClCompile Include="7453 합이 0인 네 정수.cpp">
      <Filter>소스 파일</Filter>
    </ClCompile>
    <ClCompile Include="1744 수 묶기.cpp">
      <Filter>소스 파일</Filter>
    </ClCompile>
    <ClCompile Include="9625 BABBA.cpp">
      <Filter>소스 파일</Filter>
    </ClCompile>
    <ClCompile Include="1463 1로 만들기.cpp">
      <Filter>소스 파일</Filter>
    </ClCompile>
    <ClCompile Include="1912 연속합.cpp">
      <Filter>소스 파일</Filter>
    </ClCompile>
    <ClCompile Include="9507 Generations of Tribbles.cpp">
      <Filter>소스 파일</Filter>
    </ClCompile>
    <ClCompile Include="1788 피보나치 수의 확장.cpp">
      <Filter>소스 파일</Filter>
    </ClCompile>
    <ClCompile Include="13301 타일 장식물.cpp">
      <Filter>소스 파일</Filter>
    </ClCompile>
    <ClCompile Include="1965 상자넣기.cpp">
      <Filter>소스 파일</Filter>
    </ClCompile>
    <ClCompile Include="2565 전깃줄.cpp">
      <Filter>소스 파일</Filter>
    </ClCompile>
    <ClCompile Include="1793 타일링.cpp">
      <Filter>소스 파일</Filter>
    </ClCompile>
    <ClCompile Include="1535 안녕.cpp">
      <Filter>소스 파일</Filter>
    </ClCompile>
    <ClCompile Include="3067 Coins.cpp">
      <Filter>소스 파일</Filter>
    </ClCompile>
    <ClCompile Include="12865 평범한 배낭.cpp">
      <Filter>소스 파일</Filter>
    </ClCompile>
    <ClCompile Include="14728 벼락치기.cpp">
      <Filter>소스 파일</Filter>
    </ClCompile>
    <ClCompile Include="7579 앱.cpp">
      <Filter>소스 파일</Filter>
    </ClCompile>
    <ClCompile Include="15990 1,2,3 더하기 5.cpp">
      <Filter>소스 파일</Filter>
    </ClCompile>
    <ClCompile Include="9184 신나는 함수 실행.cpp">
      <Filter>소스 파일</Filter>
    </ClCompile>
    <ClCompile Include="4781 사탕 가게.cpp">
      <Filter>소스 파일</Filter>
    </ClCompile>
    <ClCompile Include="17845 수강 과목.cpp">
      <Filter>소스 파일</Filter>
    </ClCompile>
    <ClCompile Include="2629 양팔저울.cpp">
      <Filter>소스 파일</Filter>
    </ClCompile>
    <ClCompile Include="11659 구간 합 구하기 4.cpp">
      <Filter>소스 파일</Filter>
    </ClCompile>
    <ClCompile Include="11660 구간 합 구하기 5.cpp">
      <Filter>소스 파일</Filter>
    </ClCompile>
    <ClCompile Include="2003 수들의 합 2.cpp">
      <Filter>소스 파일</Filter>
    </ClCompile>
    <ClCompile Include="2018 수들의 합 5.cpp">
      <Filter>소스 파일</Filter>
    </ClCompile>
    <ClCompile Include="10025 게으른 백곰.cpp">
      <Filter>소스 파일</Filter>
    </ClCompile>
    <ClCompile Include="2559 수열.cpp">
      <Filter>소스 파일</Filter>
    </ClCompile>
    <ClCompile Include="2075 N번째 큰 수.cpp">
      <Filter>소스 파일</Filter>
    </ClCompile>
    <ClCompile Include="2428 표절.cpp">
      <Filter>소스 파일</Filter>
    </ClCompile>
    <ClCompile Include="3273 두 수의 합.cpp">
      <Filter>소스 파일</Filter>
    </ClCompile>
    <ClCompile Include="17164 Rainbow Beads.cpp">
      <Filter>소스 파일</Filter>
    </ClCompile>
  </ItemGroup>
</Project>